
Microsoft Visual Studio Solution File, Format Version 12.00
# Visual Studio Version 17
VisualStudioVersion = 17.3.32929.385
MinimumVisualStudioVersion = 10.0.40219.1
Project("{E24C65DC-7377-472B-9ABA-BC803B73C61A}") = "website", ".", "{045E4AB3-936E-41DF-849A-CF1857A234CF}"
	ProjectSection(WebsiteProperties) = preProject
		TargetFrameworkMoniker = ".NETFramework,Version%3Dv4.0"
		Debug.AspNetCompiler.VirtualPath = "/localhost_60961"
		Debug.AspNetCompiler.PhysicalPath = "..\..\..\..\..\_javascript(vs)\website\"
		Debug.AspNetCompiler.TargetPath = "PrecompiledWeb\localhost_60961\"
		Debug.AspNetCompiler.Updateable = "true"
		Debug.AspNetCompiler.ForceOverwrite = "true"
		Debug.AspNetCompiler.FixedNames = "false"
		Debug.AspNetCompiler.Debug = "True"
		Release.AspNetCompiler.VirtualPath = "/localhost_60961"
		Release.AspNetCompiler.PhysicalPath = "..\..\..\..\..\_javascript(vs)\website\"
		Release.AspNetCompiler.TargetPath = "PrecompiledWeb\localhost_60961\"
		Release.AspNetCompiler.Updateable = "true"
		Release.AspNetCompiler.ForceOverwrite = "true"
		Release.AspNetCompiler.FixedNames = "false"
		Release.AspNetCompiler.Debug = "False"
		VWDPort = "60961"
	EndProjectSection
EndProject
Global
	GlobalSection(SolutionConfigurationPlatforms) = preSolution
		Debug|Any CPU = Debug|Any CPU
	EndGlobalSection
	GlobalSection(ProjectConfigurationPlatforms) = postSolution
		{045E4AB3-936E-41DF-849A-CF1857A234CF}.Debug|Any CPU.ActiveCfg = Debug|Any CPU
		{045E4AB3-936E-41DF-849A-CF1857A234CF}.Debug|Any CPU.Build.0 = Debug|Any CPU
	EndGlobalSection
	GlobalSection(SolutionProperties) = preSolution
		HideSolutionNode = FALSE
	EndGlobalSection
	GlobalSection(ExtensibilityGlobals) = postSolution
		SolutionGuid = {A23D40D3-34C3-4C7A-97F4-0846D44892D5}
	EndGlobalSection
EndGlobal
